
Microsoft Visual Studio Solution File, Format Version 12.00
# Visual Studio Version 17
VisualStudioVersion = 17.6.33815.320
MinimumVisualStudioVersion = 10.0.40219.1
Project("{FAE04EC0-301F-11D3-BF4B-00C04F79EFBC}") = "Calculator", "Calculator.csproj", "{8A1FDDEC-4237-4154-828F-0713173EBE67}"
EndProject
Global
	GlobalSection(SolutionConfigurationPlatforms) = preSolution
		Debug|Any CPU = Debug|Any CPU
		Release|Any CPU = Release|Any CPU
	EndGlobalSection
	GlobalSection(ProjectConfigurationPlatforms) = postSolution
		{8A1FDDEC-4237-4154-828F-0713173EBE67}.Debug|Any CPU.ActiveCfg = Debug|Any CPU
		{8A1FDDEC-4237-4154-828F-0713173EBE67}.Debug|Any CPU.Build.0 = Debug|Any CPU
		{8A1FDDEC-4237-4154-828F-0713173EBE67}.Release|Any CPU.ActiveCfg = Release|Any CPU
		{8A1FDDEC-4237-4154-828F-0713173EBE67}.Release|Any CPU.Build.0 = Release|Any CPU
	EndGlobalSection
	GlobalSection(SolutionProperties) = preSolution
		HideSolutionNode = FALSE
	EndGlobalSection
	GlobalSection(ExtensibilityGlobals) = postSolution
		SolutionGuid = {B70C5497-CB8F-43EF-AF45-D9C47FAD654E}
	EndGlobalSection
EndGlobal
